
Microsoft Visual Studio Solution File, Format Version 12.00
# Visual Studio 15
VisualStudioVersion = 15.0.28307.102
MinimumVisualStudioVersion = 10.0.40219.1
Project("{9A19103F-16F7-4668-BE54-9A1E7A4F7556}") = "Duftfinder.Resources", "Duftfinder.Resources\Duftfinder.Resources.csproj", "{3E02095F-FAC4-4BDE-8342-C8B00D237DFF}"
EndProject
Project("{FAE04EC0-301F-11D3-BF4B-00C04F79EFBC}") = "Duftfinder.Domain", "Duftfinder.Domain\Duftfinder.Domain.csproj", "{6ABBDEE5-42F0-479F-A5A6-DACDD3A9D1AB}"
EndProject
Project("{FAE04EC0-301F-11D3-BF4B-00C04F79EFBC}") = "Duftfinder.Ioc", "Duftfinder.Ioc\Duftfinder.Ioc.csproj", "{2CB98D79-B268-48F3-A5F9-6C49859F2CB4}"
EndProject
Project("{FAE04EC0-301F-11D3-BF4B-00C04F79EFBC}") = "Duftfinder.Database", "Duftfinder.Database\Duftfinder.Database.csproj", "{DFD9E494-087A-4A63-9AD0-2DC10DED6191}"
EndProject
Project("{FAE04EC0-301F-11D3-BF4B-00C04F79EFBC}") = "Duftfinder.Business", "Duftfinder.Business\Duftfinder.Business.csproj", "{1DECD89E-572D-4582-8856-34534C82CBA8}"
EndProject
Global
	GlobalSection(SolutionConfigurationPlatforms) = preSolution
		Debug|Any CPU = Debug|Any CPU
		Release|Any CPU = Release|Any CPU
	EndGlobalSection
	GlobalSection(ProjectConfigurationPlatforms) = postSolution
		{3E02095F-FAC4-4BDE-8342-C8B00D237DFF}.Debug|Any CPU.ActiveCfg = Debug|Any CPU
		{3E02095F-FAC4-4BDE-8342-C8B00D237DFF}.Debug|Any CPU.Build.0 = Debug|Any CPU
		{3E02095F-FAC4-4BDE-8342-C8B00D237DFF}.Release|Any CPU.ActiveCfg = Release|Any CPU
		{3E02095F-FAC4-4BDE-8342-C8B00D237DFF}.Release|Any CPU.Build.0 = Release|Any CPU
		{6ABBDEE5-42F0-479F-A5A6-DACDD3A9D1AB}.Debug|Any CPU.ActiveCfg = Debug|Any CPU
		{6ABBDEE5-42F0-479F-A5A6-DACDD3A9D1AB}.Debug|Any CPU.Build.0 = Debug|Any CPU
		{6ABBDEE5-42F0-479F-A5A6-DACDD3A9D1AB}.Release|Any CPU.ActiveCfg = Release|Any CPU
		{6ABBDEE5-42F0-479F-A5A6-DACDD3A9D1AB}.Release|Any CPU.Build.0 = Release|Any CPU
		{2CB98D79-B268-48F3-A5F9-6C49859F2CB4}.Debug|Any CPU.ActiveCfg = Debug|Any CPU
		{2CB98D79-B268-48F3-A5F9-6C49859F2CB4}.Debug|Any CPU.Build.0 = Debug|Any CPU
		{2CB98D79-B268-48F3-A5F9-6C49859F2CB4}.Release|Any CPU.ActiveCfg = Release|Any CPU
		{2CB98D79-B268-48F3-A5F9-6C49859F2CB4}.Release|Any CPU.Build.0 = Release|Any CPU
		{DFD9E494-087A-4A63-9AD0-2DC10DED6191}.Debug|Any CPU.ActiveCfg = Debug|Any CPU
		{DFD9E494-087A-4A63-9AD0-2DC10DED6191}.Debug|Any CPU.Build.0 = Debug|Any CPU
		{DFD9E494-087A-4A63-9AD0-2DC10DED6191}.Release|Any CPU.ActiveCfg = Release|Any CPU
		{DFD9E494-087A-4A63-9AD0-2DC10DED6191}.Release|Any CPU.Build.0 = Release|Any CPU
		{1DECD89E-572D-4582-8856-34534C82CBA8}.Debug|Any CPU.ActiveCfg = Debug|Any CPU
		{1DECD89E-572D-4582-8856-34534C82CBA8}.Debug|Any CPU.Build.0 = Debug|Any CPU
		{1DECD89E-572D-4582-8856-34534C82CBA8}.Release|Any CPU.ActiveCfg = Release|Any CPU
		{1DECD89E-572D-4582-8856-34534C82CBA8}.Release|Any CPU.Build.0 = Release|Any CPU
	EndGlobalSection
	GlobalSection(SolutionProperties) = preSolution
		HideSolutionNode = FALSE
	EndGlobalSection
	GlobalSection(ExtensibilityGlobals) = postSolution
		SolutionGuid = {3CAD5651-C493-410F-A3A7-19D1E2169799}
	EndGlobalSection
EndGlobal
